
Microsoft Visual Studio Solution File, Format Version 12.00
# Visual Studio 2013
VisualStudioVersion = 12.0.31101.0
MinimumVisualStudioVersion = 10.0.40219.1
Project("{FAE04EC0-301F-11D3-BF4B-00C04F79EFBC}") = "DistributionService", "DistributionService.csproj", "{5AADE24C-FF42-499E-B4C4-1E67D481E668}"
EndProject
Project("{FAE04EC0-301F-11D3-BF4B-00C04F79EFBC}") = "TwangRLibrary", "TwangRLibrary\TwangRLibrary.csproj", "{1D966F38-6520-4C17-96C8-BB581B313DCE}"
EndProject
Global
	GlobalSection(SolutionConfigurationPlatforms) = preSolution
		Debug|Any CPU = Debug|Any CPU
		Release|Any CPU = Release|Any CPU
	EndGlobalSection
	GlobalSection(ProjectConfigurationPlatforms) = postSolution
		{5AADE24C-FF42-499E-B4C4-1E67D481E668}.Debug|Any CPU.ActiveCfg = Debug|Any CPU
		{5AADE24C-FF42-499E-B4C4-1E67D481E668}.Debug|Any CPU.Build.0 = Debug|Any CPU
		{5AADE24C-FF42-499E-B4C4-1E67D481E668}.Release|Any CPU.ActiveCfg = Release|Any CPU
		{5AADE24C-FF42-499E-B4C4-1E67D481E668}.Release|Any CPU.Build.0 = Release|Any CPU
		{1D966F38-6520-4C17-96C8-BB581B313DCE}.Debug|Any CPU.ActiveCfg = Debug|Any CPU
		{1D966F38-6520-4C17-96C8-BB581B313DCE}.Debug|Any CPU.Build.0 = Debug|Any CPU
		{1D966F38-6520-4C17-96C8-BB581B313DCE}.Release|Any CPU.ActiveCfg = Release|Any CPU
		{1D966F38-6520-4C17-96C8-BB581B313DCE}.Release|Any CPU.Build.0 = Release|Any CPU
	EndGlobalSection
	GlobalSection(SolutionProperties) = preSolution
		HideSolutionNode = FALSE
	EndGlobalSection
EndGlobal
